{
  "name": "frontend",
  "lockfileVersion": 3,
  "requires": true,
  "packages": {
    "": {
      "dependencies": {
        "@angular/common": "^18.2.5",
        "@angular/forms": "^18.2.5",
        "@angular/router": "^18.2.5"
      }
    },
    "node_modules/@angular/common": {
      "version": "18.2.5",
      "resolved": "https://registry.npmjs.org/@angular/common/-/common-18.2.5.tgz",
      "integrity": "sha512-m+KJrtbFXTE36jP/po6UAMeUR/enQxRHpVGLCRcIcE7VWVH1ZcOvoW1yqh2A6k+KxWXeajlq/Z04nnMhcoxMRw==",
      "dependencies": {
        "tslib": "^2.3.0"
      },
      "engines": {
        "node": "^18.19.1 || ^20.11.1 || >=22.0.0"
      },
      "peerDependencies": {
        "@angular/core": "18.2.5",
        "rxjs": "^6.5.3 || ^7.4.0"
      }
    },
    "node_modules/@angular/core": {
      "version": "18.2.5",
      "resolved": "https://registry.npmjs.org/@angular/core/-/core-18.2.5.tgz",
      "integrity": "sha512-5BLVc5gXxzanQkADNS9WPsor3vNF5nQcyIHBi5VScErwM5vVZ7ATH1iZwaOg1ykDEVTFVhKDwD0X1aaqGDbhmQ==",
      "peer": true,
      "dependencies": {
        "tslib": "^2.3.0"
      },
      "engines": {
        "node": "^18.19.1 || ^20.11.1 || >=22.0.0"
      },
      "peerDependencies": {
        "rxjs": "^6.5.3 || ^7.4.0",
        "zone.js": "~0.14.10"
      }
    },
    "node_modules/@angular/forms": {
      "version": "18.2.5",
      "resolved": "https://registry.npmjs.org/@angular/forms/-/forms-18.2.5.tgz",
      "integrity": "sha512-ohKeH+EZCCIyGSiFYlraWLzssGAZc13P92cuYpXB62322PkcA5u0IT72mML9JWGKRqF2zteVsw4koWHVxXM5mA==",
      "dependencies": {
        "tslib": "^2.3.0"
      },
      "engines": {
        "node": "^18.19.1 || ^20.11.1 || >=22.0.0"
      },
      "peerDependencies": {
        "@angular/common": "18.2.5",
        "@angular/core": "18.2.5",
        "@angular/platform-browser": "18.2.5",
        "rxjs": "^6.5.3 || ^7.4.0"
      }
    },
    "node_modules/@angular/platform-browser": {
      "version": "18.2.5",
      "resolved": "https://registry.npmjs.org/@angular/platform-browser/-/platform-browser-18.2.5.tgz",
      "integrity": "sha512-PoX9idwnOpTJBlujzZ2nFGOsmCnZzOH7uNSWIR7trdoq0b1AFXfrxlCQ36qWamk7bbhJI4H28L8YTmKew/nXDA==",
      "peer": true,
      "dependencies": {
        "tslib": "^2.3.0"
      },
      "engines": {
        "node": "^18.19.1 || ^20.11.1 || >=22.0.0"
      },
      "peerDependencies": {
        "@angular/animations": "18.2.5",
        "@angular/common": "18.2.5",
        "@angular/core": "18.2.5"
      },
      "peerDependenciesMeta": {
        "@angular/animations": {
          "optional": true
        }
      }
    },
    "node_modules/@angular/router": {
      "version": "18.2.5",
      "resolved": "https://registry.npmjs.org/@angular/router/-/router-18.2.5.tgz",
      "integrity": "sha512-OjZV1PTiSwT0ytmR0ykveLYzs4uQWf0EuIclZmWqM/bb8Q4P+gJl7/sya05nGnZsj6nHGOL0e/LhSZ3N+5p6qg==",
      "dependencies": {
        "tslib": "^2.3.0"
      },
      "engines": {
        "node": "^18.19.1 || ^20.11.1 || >=22.0.0"
      },
      "peerDependencies": {
        "@angular/common": "18.2.5",
        "@angular/core": "18.2.5",
        "@angular/platform-browser": "18.2.5",
        "rxjs": "^6.5.3 || ^7.4.0"
      }
    },
    "node_modules/rxjs": {
      "version": "7.8.1",
      "resolved": "https://registry.npmjs.org/rxjs/-/rxjs-7.8.1.tgz",
      "integrity": "sha512-AA3TVj+0A2iuIoQkWEK/tqFjBq2j+6PO6Y0zJcvzLAFhEFIO3HL0vls9hWLncZbAAbK0mar7oZ4V079I/qPMxg==",
      "peer": true,
      "dependencies": {
        "tslib": "^2.1.0"
      }
    },
    "node_modules/tslib": {
      "version": "2.7.0",
      "resolved": "https://registry.npmjs.org/tslib/-/tslib-2.7.0.tgz",
      "integrity": "sha512-gLXCKdN1/j47AiHiOkJN69hJmcbGTHI0ImLmbYLHykhgeN0jVGola9yVjFgzCUklsZQMW55o+dW7IXv3RCXDzA=="
    },
    "node_modules/zone.js": {
      "version": "0.14.10",
      "resolved": "https://registry.npmjs.org/zone.js/-/zone.js-0.14.10.tgz",
      "integrity": "sha512-YGAhaO7J5ywOXW6InXNlLmfU194F8lVgu7bRntUF3TiG8Y3nBK0x1UJJuHUP/e8IyihkjCYqhCScpSwnlaSRkQ==",
      "peer": true
    }
  }
}
